
Microsoft Visual Studio Solution File, Format Version 12.00
# Visual Studio Version 16
VisualStudioVersion = 16.0.31624.102
MinimumVisualStudioVersion = 10.0.40219.1
Project("{FAE04EC0-301F-11D3-BF4B-00C04F79EFBC}") = "namn2", "namn2\namn2.csproj", "{44865AC0-7788-44F0-A879-AFE3853152F4}"
EndProject
Global
	GlobalSection(SolutionConfigurationPlatforms) = preSolution
		Debug|Any CPU = Debug|Any CPU
		Release|Any CPU = Release|Any CPU
	EndGlobalSection
	GlobalSection(ProjectConfigurationPlatforms) = postSolution
		{44865AC0-7788-44F0-A879-AFE3853152F4}.Debug|Any CPU.ActiveCfg = Debug|Any CPU
		{44865AC0-7788-44F0-A879-AFE3853152F4}.Debug|Any CPU.Build.0 = Debug|Any CPU
		{44865AC0-7788-44F0-A879-AFE3853152F4}.Release|Any CPU.ActiveCfg = Release|Any CPU
		{44865AC0-7788-44F0-A879-AFE3853152F4}.Release|Any CPU.Build.0 = Release|Any CPU
	EndGlobalSection
	GlobalSection(SolutionProperties) = preSolution
		HideSolutionNode = FALSE
	EndGlobalSection
	GlobalSection(ExtensibilityGlobals) = postSolution
		SolutionGuid = {7792F109-CD10-4B81-B542-8376F82C7D96}
	EndGlobalSection
EndGlobal
